{
  "name": "bukowskiOS",
  "version": "0.1.0",
  "lockfileVersion": 3,
  "requires": true,
  "packages": {
    "": {
      "name": "bukowskiOS",
      "version": "0.1.0",
      "devDependencies": {
        "pnpm": "10.8.1",
        "zod": "^4.3.6"
      }
    },
    "node_modules/.pnpm/pnpm@10.8.1/node_modules/pnpm": {
      "version": "10.8.1",
      "dev": true,
      "license": "MIT",
      "bin": {
        "pnpm": "bin/pnpm.cjs",
        "pnpx": "bin/pnpx.cjs"
      },
      "engines": {
        "node": ">=18.12"
      },
      "funding": {
        "url": "https://opencollective.com/pnpm"
      }
    },
    "node_modules/.pnpm/zod@4.3.6/node_modules/zod": {
      "version": "4.3.6",
      "dev": true,
      "license": "MIT",
      "funding": {
        "url": "https://github.com/sponsors/colinhacks"
      }
    },
    "node_modules/pnpm": {
      "resolved": "node_modules/.pnpm/pnpm@10.8.1/node_modules/pnpm",
      "link": true
    },
    "node_modules/zod": {
      "resolved": "node_modules/.pnpm/zod@4.3.6/node_modules/zod",
      "link": true
    }
  }
}
